
Microsoft Visual Studio Solution File, Format Version 12.00
# Visual Studio 15
VisualStudioVersion = 15.0.28307.421
MinimumVisualStudioVersion = 10.0.40219.1
Project("{00D1A9C2-B5F0-4AF3-8072-F6C62B433612}") = "ZipeCodeDatabase", "ZipeCodeDatabase\ZipeCodeDatabase.sqlproj", "{608C7E2A-972E-45FD-8040-5ED93AF0601E}"
EndProject
Project("{FAE04EC0-301F-11D3-BF4B-00C04F79EFBC}") = "ZipeCodeConsole", "ZipeCodeConsole\ZipeCodeConsole.csproj", "{795ED446-0D49-439E-BCA8-F68CC250C445}"
EndProject
Project("{FAE04EC0-301F-11D3-BF4B-00C04F79EFBC}") = "ZipeCodeConsoleCore", "ZipeCodeConsoleCore\ZipeCodeConsoleCore.csproj", "{921C8AFE-6071-48C1-9536-D9B7C45D3141}"
EndProject
Global
	GlobalSection(SolutionConfigurationPlatforms) = preSolution
		Debug|Any CPU = Debug|Any CPU
		Release|Any CPU = Release|Any CPU
	EndGlobalSection
	GlobalSection(ProjectConfigurationPlatforms) = postSolution
		{608C7E2A-972E-45FD-8040-5ED93AF0601E}.Debug|Any CPU.ActiveCfg = Debug|Any CPU
		{608C7E2A-972E-45FD-8040-5ED93AF0601E}.Debug|Any CPU.Build.0 = Debug|Any CPU
		{608C7E2A-972E-45FD-8040-5ED93AF0601E}.Debug|Any CPU.Deploy.0 = Debug|Any CPU
		{608C7E2A-972E-45FD-8040-5ED93AF0601E}.Release|Any CPU.ActiveCfg = Release|Any CPU
		{608C7E2A-972E-45FD-8040-5ED93AF0601E}.Release|Any CPU.Build.0 = Release|Any CPU
		{608C7E2A-972E-45FD-8040-5ED93AF0601E}.Release|Any CPU.Deploy.0 = Release|Any CPU
		{795ED446-0D49-439E-BCA8-F68CC250C445}.Debug|Any CPU.ActiveCfg = Debug|Any CPU
		{795ED446-0D49-439E-BCA8-F68CC250C445}.Debug|Any CPU.Build.0 = Debug|Any CPU
		{795ED446-0D49-439E-BCA8-F68CC250C445}.Release|Any CPU.ActiveCfg = Release|Any CPU
		{795ED446-0D49-439E-BCA8-F68CC250C445}.Release|Any CPU.Build.0 = Release|Any CPU
		{921C8AFE-6071-48C1-9536-D9B7C45D3141}.Debug|Any CPU.ActiveCfg = Debug|Any CPU
		{921C8AFE-6071-48C1-9536-D9B7C45D3141}.Debug|Any CPU.Build.0 = Debug|Any CPU
		{921C8AFE-6071-48C1-9536-D9B7C45D3141}.Release|Any CPU.ActiveCfg = Release|Any CPU
		{921C8AFE-6071-48C1-9536-D9B7C45D3141}.Release|Any CPU.Build.0 = Release|Any CPU
	EndGlobalSection
	GlobalSection(SolutionProperties) = preSolution
		HideSolutionNode = FALSE
	EndGlobalSection
	GlobalSection(ExtensibilityGlobals) = postSolution
		SolutionGuid = {1446DE5E-7CF2-4D9F-960A-09074EB747BA}
	EndGlobalSection
EndGlobal
